
Microsoft Visual Studio Solution File, Format Version 12.00
# Visual Studio Version 16
VisualStudioVersion = 16.0.33529.622
MinimumVisualStudioVersion = 10.0.40219.1
Project("{FAE04EC0-301F-11D3-BF4B-00C04F79EFBC}") = "FunctionAppV3NetCore3", "FunctionAppV3NetCore3\FunctionAppV3NetCore3.csproj", "{9403DC3F-E2CA-4E47-A63D-7352D699E721}"
EndProject
Global
	GlobalSection(SolutionConfigurationPlatforms) = preSolution
		Debug|Any CPU = Debug|Any CPU
		Release|Any CPU = Release|Any CPU
	EndGlobalSection
	GlobalSection(ProjectConfigurationPlatforms) = postSolution
		{9403DC3F-E2CA-4E47-A63D-7352D699E721}.Debug|Any CPU.ActiveCfg = Debug|Any CPU
		{9403DC3F-E2CA-4E47-A63D-7352D699E721}.Debug|Any CPU.Build.0 = Debug|Any CPU
		{9403DC3F-E2CA-4E47-A63D-7352D699E721}.Release|Any CPU.ActiveCfg = Release|Any CPU
		{9403DC3F-E2CA-4E47-A63D-7352D699E721}.Release|Any CPU.Build.0 = Release|Any CPU
	EndGlobalSection
	GlobalSection(SolutionProperties) = preSolution
		HideSolutionNode = FALSE
	EndGlobalSection
	GlobalSection(ExtensibilityGlobals) = postSolution
		SolutionGuid = {308DBAE0-C6D8-4C7C-904B-4FB4B9117CAE}
	EndGlobalSection
EndGlobal
